
Microsoft Visual Studio Solution File, Format Version 12.00
# Visual Studio Version 17
VisualStudioVersion = 17.9.34902.65
MinimumVisualStudioVersion = 10.0.40219.1
Project("{FAE04EC0-301F-11D3-BF4B-00C04F79EFBC}") = "M_OOP_Hamburgerci", "M_OOP_Hamburgerci\M_OOP_Hamburgerci.csproj", "{08D549F2-8218-442D-9352-93F047F24337}"
EndProject
Project("{FAE04EC0-301F-11D3-BF4B-00C04F79EFBC}") = "M_OOP_Hamburgerci_WFA", "M_OOP_Hamburgerci_WFA\M_OOP_Hamburgerci_WFA.csproj", "{D5C37F1B-8202-4E35-BA7F-4DDF89D8B9CC}"
EndProject
Global
	GlobalSection(SolutionConfigurationPlatforms) = preSolution
		Debug|Any CPU = Debug|Any CPU
		Release|Any CPU = Release|Any CPU
	EndGlobalSection
	GlobalSection(ProjectConfigurationPlatforms) = postSolution
		{08D549F2-8218-442D-9352-93F047F24337}.Debug|Any CPU.ActiveCfg = Debug|Any CPU
		{08D549F2-8218-442D-9352-93F047F24337}.Debug|Any CPU.Build.0 = Debug|Any CPU
		{08D549F2-8218-442D-9352-93F047F24337}.Release|Any CPU.ActiveCfg = Release|Any CPU
		{08D549F2-8218-442D-9352-93F047F24337}.Release|Any CPU.Build.0 = Release|Any CPU
		{D5C37F1B-8202-4E35-BA7F-4DDF89D8B9CC}.Debug|Any CPU.ActiveCfg = Debug|Any CPU
		{D5C37F1B-8202-4E35-BA7F-4DDF89D8B9CC}.Debug|Any CPU.Build.0 = Debug|Any CPU
		{D5C37F1B-8202-4E35-BA7F-4DDF89D8B9CC}.Release|Any CPU.ActiveCfg = Release|Any CPU
		{D5C37F1B-8202-4E35-BA7F-4DDF89D8B9CC}.Release|Any CPU.Build.0 = Release|Any CPU
	EndGlobalSection
	GlobalSection(SolutionProperties) = preSolution
		HideSolutionNode = FALSE
	EndGlobalSection
	GlobalSection(ExtensibilityGlobals) = postSolution
		SolutionGuid = {08A4BDA3-A707-4A26-95A3-B40116E8F4F1}
	EndGlobalSection
EndGlobal
